<?xml version="1.0" encoding="utf-8"?>
<Project ToolsVersion="4.0" xmlns="http://schemas.microsoft.com/developer/msbuild/2003">
  <ItemGroup>
    <Filter Include="Archivos de origen">
      <UniqueIdentifier>{4FC737F1-C7A5-4376-A066-2A32D752A2FF}</UniqueIdentifier>
      <Extensions>cpp;c;cc;cxx;c++;cppm;ixx;def;odl;idl;hpj;bat;asm;asmx</Extensions>
    </Filter>
    <Filter Include="Archivos de encabezado">
      <UniqueIdentifier>{93995380-89BD-4b04-88EB-625FBE52EBFB}</UniqueIdentifier>
      <Extensions>h;hh;hpp;hxx;h++;hm;inl;inc;ipp;xsd</Extensions>
    </Filter>
    <Filter Include="Archivos de recursos">
      <UniqueIdentifier>{67DA6AB6-F800-4c08-8B7A-83BB121AAD01}</UniqueIdentifier>
      <Extensions>rc;ico;cur;bmp;dlg;rc2;rct;bin;rgs;gif;jpg;jpeg;jpe;resx;tiff;tif;png;wav;mfcribbon-ms</Extensions>
    </Filter>
    <Filter Include="Archivos de recursos\shaders">
      <UniqueIdentifier>{c0d09cce-e098-4cff-966d-6705c2888d79}</UniqueIdentifier>
    </Filter>
    <Filter Include="Archivos de recursos\textures">
      <UniqueIdentifier>{944f4925-f991-4f59-8e27-01c9330fca56}</UniqueIdentifier>
    </Filter>
    <Filter Include="Archivos de recursos\textures\Skybox">
      <UniqueIdentifier>{87f20111-fb76-4527-8d61-509bd718014e}</UniqueIdentifier>
    </Filter>
  </ItemGroup>
  <ItemGroup>
    <ClCompile Include="Dependencies\include\glad.c">
      <Filter>Archivos de origen</Filter>
    </ClCompile>
    <ClCompile Include="Main.cpp">
      <Filter>Archivos de origen</Filter>
    </ClCompile>
    <ClCompile Include="stb.cpp">
      <Filter>Archivos de origen</Filter>
    </ClCompile>
  </ItemGroup>
  <ItemGroup>
    <ClInclude Include="shaderClass.h">
      <Filter>Archivos de encabezado</Filter>
    </ClInclude>
    <ClInclude Include="Textura_J.h">
      <Filter>Archivos de encabezado</Filter>
    </ClInclude>
    <ClInclude Include="Camera.h">
      <Filter>Archivos de encabezado</Filter>
    </ClInclude>
    <ClInclude Include="Metodos.h">
      <Filter>Archivos de encabezado</Filter>
    </ClInclude>
    <ClInclude Include="Buffer.h">
      <Filter>Archivos de encabezado</Filter>
    </ClInclude>
    <ClInclude Include="Array.h">
      <Filter>Archivos de encabezado</Filter>
    </ClInclude>
    <ClInclude Include="Skybox.h">
      <Filter>Archivos de encabezado</Filter>
    </ClInclude>
    <ClInclude Include="Textura_P.h">
      <Filter>Archivos de encabezado</Filter>
    </ClInclude>
  </ItemGroup>
  <ItemGroup>
    <None Include="shader.vs">
      <Filter>Archivos de recursos\shaders</Filter>
    </None>
    <None Include="shader.fs">
      <Filter>Archivos de recursos\shaders</Filter>
    </None>
    <None Include="skybox.vs">
      <Filter>Archivos de recursos\shaders</Filter>
    </None>
    <None Include="skybox.fs">
      <Filter>Archivos de recursos\shaders</Filter>
    </None>
  </ItemGroup>
  <ItemGroup>
    <Image Include="textures\piso.jpg">
      <Filter>Archivos de recursos\textures</Filter>
    </Image>
    <Image Include="textures\paredBase.jpg">
      <Filter>Archivos de recursos\textures</Filter>
    </Image>
    <Image Include="textures\Skybox\back.jpg">
      <Filter>Archivos de recursos\textures\Skybox</Filter>
    </Image>
    <Image Include="textures\Skybox\bottom.jpg">
      <Filter>Archivos de recursos\textures\Skybox</Filter>
    </Image>
    <Image Include="textures\Skybox\front.jpg">
      <Filter>Archivos de recursos\textures\Skybox</Filter>
    </Image>
    <Image Include="textures\Skybox\left.jpg">
      <Filter>Archivos de recursos\textures\Skybox</Filter>
    </Image>
    <Image Include="textures\Skybox\right.jpg">
      <Filter>Archivos de recursos\textures\Skybox</Filter>
    </Image>
    <Image Include="textures\Skybox\top.jpg">
      <Filter>Archivos de recursos\textures\Skybox</Filter>
    </Image>
    <Image Include="textures\techo.jpg">
      <Filter>Archivos de recursos\textures</Filter>
    </Image>
    <Image Include="textures\logo_pali.png">
      <Filter>Archivos de recursos\textures</Filter>
    </Image>
    <Image Include="textures\pisoExterno.jpg">
      <Filter>Archivos de recursos\textures</Filter>
    </Image>
    <Image Include="textures\techo3.jpg">
      <Filter>Archivos de recursos\textures</Filter>
    </Image>
  </ItemGroup>
</Project>